// !$*UTF8*$!
{
	archiveVersion = 1;
	classes = {
	};
	objectVersion = 46;
	objects = {

/* Begin PBXBuildFile section */
		4C5C00601C7583BF003D5DB3 /* main.m in Sources */ = {isa = PBXBuildFile; fileRef = 4C5C005F1C7583BF003D5DB3 /* main.m */; };
		4C5C00631C7583BF003D5DB3 /* AppDelegate.m in Sources */ = {isa = PBXBuildFile; fileRef = 4C5C00621C7583BF003D5DB3 /* AppDelegate.m */; };
		4C5C00661C7583BF003D5DB3 /* ViewController.m in Sources */ = {isa = PBXBuildFile; fileRef = 4C5C00651C7583BF003D5DB3 /* ViewController.m */; };
		4C5C00691C7583BF003D5DB3 /* Main.storyboard in Resources */ = {isa = PBXBuildFile; fileRef = 4C5C00671C7583BF003D5DB3 /* Main.storyboard */; };
		4C5C006B1C7583BF003D5DB3 /* Assets.xcassets in Resources */ = {isa = PBXBuildFile; fileRef = 4C5C006A1C7583BF003D5DB3 /* Assets.xcassets */; };
		4C5C006E1C7583BF003D5DB3 /* LaunchScreen.storyboard in Resources */ = {isa = PBXBuildFile; fileRef = 4C5C006C1C7583BF003D5DB3 /* LaunchScreen.storyboard */; };
		4C5C00791C7583BF003D5DB3 /* ZAlertViewDemoTests.m in Sources */ = {isa = PBXBuildFile; fileRef = 4C5C00781C7583BF003D5DB3 /* ZAlertViewDemoTests.m */; };
		4C5C00841C7583BF003D5DB3 /* ZAlertViewDemoUITests.m in Sources */ = {isa = PBXBuildFile; fileRef = 4C5C00831C7583BF003D5DB3 /* ZAlertViewDemoUITests.m */; };
		4C5C00951C7583C9003D5DB3 /* ZAlertView.m in Sources */ = {isa = PBXBuildFile; fileRef = 4C5C00931C7583C9003D5DB3 /* ZAlertView.m */; };
		4C5C00961C7583C9003D5DB3 /* ZAlertView.xib in Resources */ = {isa = PBXBuildFile; fileRef = 4C5C00941C7583C9003D5DB3 /* ZAlertView.xib */; };
/* End PBXBuildFile section */

/* Begin PBXContainerItemProxy section */
		4C5C00751C7583BF003D5DB3 /* PBXContainerItemProxy */ = {
			isa = PBXContainerItemProxy;
			containerPortal = 4C5C00531C7583BF003D5DB3 /* Project object */;
			proxyType = 1;
			remoteGlobalIDString = 4C5C005A1C7583BF003D5DB3;
			remoteInfo = ZAlertViewDemo;
		};
		4C5C00801C7583BF003D5DB3 /* PBXContainerItemProxy */ = {
			isa = PBXContainerItemProxy;
			containerPortal = 4C5C00531C7583BF003D5DB3 /* Project object */;
			proxyType = 1;
			remoteGlobalIDString = 4C5C005A1C7583BF003D5DB3;
			remoteInfo = ZAlertViewDemo;
		};
/* End PBXContainerItemProxy section */

/* Begin PBXFileReference section */
		4C5C005B1C7583BF003D5DB3 /* ZAlertViewDemo.app */ = {isa = PBXFileReference; explicitFileType = wrapper.application; includeInIndex = 0; path = ZAlertViewDemo.app; sourceTree = BUILT_PRODUCTS_DIR; };
		4C5C005F1C7583BF003D5DB3 /* main.m */ = {isa = PBXFileReference; lastKnownFileType = sourcecode.c.objc; path = main.m; sourceTree = "<group>"; };
		4C5C00611C7583BF003D5DB3 /* AppDelegate.h */ = {isa = PBXFileReference; lastKnownFileType = sourcecode.c.h; path = AppDelegate.h; sourceTree = "<group>"; };
		4C5C00621C7583BF003D5DB3 /* AppDelegate.m */ = {isa = PBXFileReference; lastKnownFileType = sourcecode.c.objc; path = AppDelegate.m; sourceTree = "<group>"; };
		4C5C00641C7583BF003D5DB3 /* ViewController.h */ = {isa = PBXFileReference; lastKnownFileType = sourcecode.c.h; path = ViewController.h; sourceTree = "<group>"; };
		4C5C00651C7583BF003D5DB3 /* ViewController.m */ = {isa = PBXFileReference; lastKnownFileType = sourcecode.c.objc; path = ViewController.m; sourceTree = "<group>"; };
		4C5C00681C7583BF003D5DB3 /* Base */ = {isa = PBXFileReference; lastKnownFileType = file.storyboard; name = Base; path = Base.lproj/Main.storyboard; sourceTree = "<group>"; };
		4C5C006A1C7583BF003D5DB3 /* Assets.xcassets */ = {isa = PBXFileReference; lastKnownFileType = folder.assetcatalog; path = Assets.xcassets; sourceTree = "<group>"; };
		4C5C006D1C7583BF003D5DB3 /* Base */ = {isa = PBXFileReference; lastKnownFileType = file.storyboard; name = Base; path = Base.lproj/LaunchScreen.storyboard; sourceTree = "<group>"; };
		4C5C006F1C7583BF003D5DB3 /* Info.plist */ = {isa = PBXFileReference; lastKnownFileType = text.plist.xml; path = Info.plist; sourceTree = "<group>"; };
		4C5C00741C7583BF003D5DB3 /* ZAlertViewDemoTests.xctest */ = {isa = PBXFileReference; explicitFileType = wrapper.cfbundle; includeInIndex = 0; path = ZAlertViewDemoTests.xctest; sourceTree = BUILT_PRODUCTS_DIR; };
		4C5C00781C7583BF003D5DB3 /* ZAlertViewDemoTests.m */ = {isa = PBXFileReference; lastKnownFileType = sourcecode.c.objc; path = ZAlertViewDemoTests.m; sourceTree = "<group>"; };
		4C5C007A1C7583BF003D5DB3 /* Info.plist */ = {isa = PBXFileReference; lastKnownFileType = text.plist.xml; path = Info.plist; sourceTree = "<group>"; };
		4C5C007F1C7583BF003D5DB3 /* ZAlertViewDemoUITests.xctest */ = {isa = PBXFileReference; explicitFileType = wrapper.cfbundle; includeInIndex = 0; path = ZAlertViewDemoUITests.xctest; sourceTree = BUILT_PRODUCTS_DIR; };
		4C5C00831C7583BF003D5DB3 /* ZAlertViewDemoUITests.m */ = {isa = PBXFileReference; lastKnownFileType = sourcecode.c.objc; path = ZAlertViewDemoUITests.m; sourceTree = "<group>"; };
		4C5C00851C7583BF003D5DB3 /* Info.plist */ = {isa = PBXFileReference; lastKnownFileType = text.plist.xml; path = Info.plist; sourceTree = "<group>"; };
		4C5C00921C7583C9003D5DB3 /* ZAlertView.h */ = {isa = PBXFileReference; fileEncoding = 4; lastKnownFileType = sourcecode.c.h; path = ZAlertView.h; sourceTree = "<group>"; };
		4C5C00931C7583C9003D5DB3 /* ZAlertView.m */ = {isa = PBXFileReference; fileEncoding = 4; lastKnownFileType = sourcecode.c.objc; path = ZAlertView.m; sourceTree = "<group>"; };
		4C5C00941C7583C9003D5DB3 /* ZAlertView.xib */ = {isa = PBXFileReference; fileEncoding = 4; lastKnownFileType = file.xib; path = ZAlertView.xib; sourceTree = "<group>"; };
/* End PBXFileReference section */

/* Begin PBXFrameworksBuildPhase section */
		4C5C00581C7583BF003D5DB3 /* Frameworks */ = {
			isa = PBXFrameworksBuildPhase;
			buildActionMask = 2147483647;
			files = (
			);
			runOnlyForDeploymentPostprocessing = 0;
		};
		4C5C00711C7583BF003D5DB3 /* Frameworks */ = {
			isa = PBXFrameworksBuildPhase;
			buildActionMask = 2147483647;
			files = (
			);
			runOnlyForDeploymentPostprocessing = 0;
		};
		4C5C007C1C7583BF003D5DB3 /* Frameworks */ = {
			isa = PBXFrameworksBuildPhase;
			buildActionMask = 2147483647;
			files = (
			);
			runOnlyForDeploymentPostprocessing = 0;
		};
/* End PBXFrameworksBuildPhase section */

/* Begin PBXGroup section */
		4C5C00521C7583BF003D5DB3 = {
			isa = PBXGroup;
			children = (
				4C5C005D1C7583BF003D5DB3 /* ZAlertViewDemo */,
				4C5C00771C7583BF003D5DB3 /* ZAlertViewDemoTests */,
				4C5C00821C7583BF003D5DB3 /* ZAlertViewDemoUITests */,
				4C5C005C1C7583BF003D5DB3 /* Products */,
			);
			sourceTree = "<group>";
		};
		4C5C005C1C7583BF003D5DB3 /* Products */ = {
			isa = PBXGroup;
			children = (
				4C5C005B1C7583BF003D5DB3 /* ZAlertViewDemo.app */,
				4C5C00741C7583BF003D5DB3 /* ZAlertViewDemoTests.xctest */,
				4C5C007F1C7583BF003D5DB3 /* ZAlertViewDemoUITests.xctest */,
			);
			name = Products;
			sourceTree = "<group>";
		};
		4C5C005D1C7583BF003D5DB3 /* ZAlertViewDemo */ = {
			isa = PBXGroup;
			children = (
				4C5C00911C7583C9003D5DB3 /* ZAlertView */,
				4C5C00611C7583BF003D5DB3 /* AppDelegate.h */,
				4C5C00621C7583BF003D5DB3 /* AppDelegate.m */,
				4C5C00641C7583BF003D5DB3 /* ViewController.h */,
				4C5C00651C7583BF003D5DB3 /* ViewController.m */,
				4C5C00671C7583BF003D5DB3 /* Main.storyboard */,
				4C5C006A1C7583BF003D5DB3 /* Assets.xcassets */,
				4C5C006C1C7583BF003D5DB3 /* LaunchScreen.storyboard */,
				4C5C006F1C7583BF003D5DB3 /* Info.plist */,
				4C5C005E1C7583BF003D5DB3 /* Supporting Files */,
			);
			path = ZAlertViewDemo;
			sourceTree = "<group>";
		};
		4C5C005E1C7583BF003D5DB3 /* Supporting Files */ = {
			isa = PBXGroup;
			children = (
				4C5C005F1C7583BF003D5DB3 /* main.m */,
			);
			name = "Supporting Files";
			sourceTree = "<group>";
		};
		4C5C00771C7583BF003D5DB3 /* ZAlertViewDemoTests */ = {
			isa = PBXGroup;
			children = (
				4C5C00781C7583BF003D5DB3 /* ZAlertViewDemoTests.m */,
				4C5C007A1C7583BF003D5DB3 /* Info.plist */,
			);
			path = ZAlertViewDemoTests;
			sourceTree = "<group>";
		};
		4C5C00821C7583BF003D5DB3 /* ZAlertViewDemoUITests */ = {
			isa = PBXGroup;
			children = (
				4C5C00831C7583BF003D5DB3 /* ZAlertViewDemoUITests.m */,
				4C5C00851C7583BF003D5DB3 /* Info.plist */,
			);
			path = ZAlertViewDemoUITests;
			sourceTree = "<group>";
		};
		4C5C00911C7583C9003D5DB3 /* ZAlertView */ = {
			isa = PBXGroup;
			children = (
				4C5C00921C7583C9003D5DB3 /* ZAlertView.h */,
				4C5C00931C7583C9003D5DB3 /* ZAlertView.m */,
				4C5C00941C7583C9003D5DB3 /* ZAlertView.xib */,
			);
			path = ZAlertView;
			sourceTree = "<group>";
		};
/* End PBXGroup section */

/* Begin PBXNativeTarget section */
		4C5C005A1C7583BF003D5DB3 /* ZAlertViewDemo */ = {
			isa = PBXNativeTarget;
			buildConfigurationList = 4C5C00881C7583BF003D5DB3 /* Build configuration list for PBXNativeTarget "ZAlertViewDemo" */;
			buildPhases = (
				4C5C00571C7583BF003D5DB3 /* Sources */,
				4C5C00581C7583BF003D5DB3 /* Frameworks */,
				4C5C00591C7583BF003D5DB3 /* Resources */,
			);
			buildRules = (
			);
			dependencies = (
			);
			name = ZAlertViewDemo;
			productName = ZAlertViewDemo;
			productReference = 4C5C005B1C7583BF003D5DB3 /* ZAlertViewDemo.app */;
			productType = "com.apple.product-type.application";
		};
		4C5C00731C7583BF003D5DB3 /* ZAlertViewDemoTests */ = {
			isa = PBXNativeTarget;
			buildConfigurationList = 4C5C008B1C7583BF003D5DB3 /* Build configuration list for PBXNativeTarget "ZAlertViewDemoTests" */;
			buildPhases = (
				4C5C00701C7583BF003D5DB3 /* Sources */,
				4C5C00711C7583BF003D5DB3 /* Frameworks */,
				4C5C00721C7583BF003D5DB3 /* Resources */,
			);
			buildRules = (
			);
			dependencies = (
				4C5C00761C7583BF003D5DB3 /* PBXTargetDependency */,
			);
			name = ZAlertViewDemoTests;
			productName = ZAlertViewDemoTests;
			productReference = 4C5C00741C7583BF003D5DB3 /* ZAlertViewDemoTests.xctest */;
			productType = "com.apple.product-type.bundle.unit-test";
		};
		4C5C007E1C7583BF003D5DB3 /* ZAlertViewDemoUITests */ = {
			isa = PBXNativeTarget;
			buildConfigurationList = 4C5C008E1C7583BF003D5DB3 /* Build configuration list for PBXNativeTarget "ZAlertViewDemoUITests" */;
			buildPhases = (
				4C5C007B1C7583BF003D5DB3 /* Sources */,
				4C5C007C1C7583BF003D5DB3 /* Frameworks */,
				4C5C007D1C7583BF003D5DB3 /* Resources */,
			);
			buildRules = (
			);
			dependencies = (
				4C5C00811C7583BF003D5DB3 /* PBXTargetDependency */,
			);
			name = ZAlertViewDemoUITests;
			productName = ZAlertViewDemoUITests;
			productReference = 4C5C007F1C7583BF003D5DB3 /* ZAlertViewDemoUITests.xctest */;
			productType = "com.apple.product-type.bundle.ui-testing";
		};
/* End PBXNativeTarget section */

/* Begin PBXProject section */
		4C5C00531C7583BF003D5DB3 /* Project object */ = {
			isa = PBXProject;
			attributes = {
				LastUpgradeCheck = 0720;
				ORGANIZATIONNAME = "朱立焜";
				TargetAttributes = {
					4C5C005A1C7583BF003D5DB3 = {
						CreatedOnToolsVersion = 7.2.1;
					};
					4C5C00731C7583BF003D5DB3 = {
						CreatedOnToolsVersion = 7.2.1;
						TestTargetID = 4C5C005A1C7583BF003D5DB3;
					};
					4C5C007E1C7583BF003D5DB3 = {
						CreatedOnToolsVersion = 7.2.1;
						TestTargetID = 4C5C005A1C7583BF003D5DB3;
					};
				};
			};
			buildConfigurationList = 4C5C00561C7583BF003D5DB3 /* Build configuration list for PBXProject "ZAlertViewDemo" */;
			compatibilityVersion = "Xcode 3.2";
			developmentRegion = English;
			hasScannedForEncodings = 0;
			knownRegions = (
				en,
				Base,
			);
			mainGroup = 4C5C00521C7583BF003D5DB3;
			productRefGroup = 4C5C005C1C7583BF003D5DB3 /* Products */;
			projectDirPath = "";
			projectRoot = "";
			targets = (
				4C5C005A1C7583BF003D5DB3 /* ZAlertViewDemo */,
				4C5C00731C7583BF003D5DB3 /* ZAlertViewDemoTests */,
				4C5C007E1C7583BF003D5DB3 /* ZAlertViewDemoUITests */,
			);
		};
/* End PBXProject section */

/* Begin PBXResourcesBuildPhase section */
		4C5C00591C7583BF003D5DB3 /* Resources */ = {
			isa = PBXResourcesBuildPhase;
			buildActionMask = 2147483647;
			files = (
				4C5C00961C7583C9003D5DB3 /* ZAlertView.xib in Resources */,
				4C5C006E1C7583BF003D5DB3 /* LaunchScreen.storyboard in Resources */,
				4C5C006B1C7583BF003D5DB3 /* Assets.xcassets in Resources */,
				4C5C00691C7583BF003D5DB3 /* Main.storyboard in Resources */,
			);
			runOnlyForDeploymentPostprocessing = 0;
		};
		4C5C00721C7583BF003D5DB3 /* Resources */ = {
			isa = PBXResourcesBuildPhase;
			buildActionMask = 2147483647;
			files = (
			);
			runOnlyForDeploymentPostprocessing = 0;
		};
		4C5C007D1C7583BF003D5DB3 /* Resources */ = {
			isa = PBXResourcesBuildPhase;
			buildActionMask = 2147483647;
			files = (
			);
			runOnlyForDeploymentPostprocessing = 0;
		};
/* End PBXResourcesBuildPhase section */

/* Begin PBXSourcesBuildPhase section */
		4C5C00571C7583BF003D5DB3 /* Sources */ = {
			isa = PBXSourcesBuildPhase;
			buildActionMask = 2147483647;
			files = (
				4C5C00951C7583C9003D5DB3 /* ZAlertView.m in Sources */,
				4C5C00661C7583BF003D5DB3 /* ViewController.m in Sources */,
				4C5C00631C7583BF003D5DB3 /* AppDelegate.m in Sources */,
				4C5C00601C7583BF003D5DB3 /* main.m in Sources */,
			);
			runOnlyForDeploymentPostprocessing = 0;
		};
		4C5C00701C7583BF003D5DB3 /* Sources */ = {
			isa = PBXSourcesBuildPhase;
			buildActionMask = 2147483647;
			files = (
				4C5C00791C7583BF003D5DB3 /* ZAlertViewDemoTests.m in Sources */,
			);
			runOnlyForDeploymentPostprocessing = 0;
		};
		4C5C007B1C7583BF003D5DB3 /* Sources */ = {
			isa = PBXSourcesBuildPhase;
			buildActionMask = 2147483647;
			files = (
				4C5C00841C7583BF003D5DB3 /* ZAlertViewDemoUITests.m in Sources */,
			);
			runOnlyForDeploymentPostprocessing = 0;
		};
/* End PBXSourcesBuildPhase section */

/* Begin PBXTargetDependency section */
		4C5C00761C7583BF003D5DB3 /* PBXTargetDependency */ = {
			isa = PBXTargetDependency;
			target = 4C5C005A1C7583BF003D5DB3 /* ZAlertViewDemo */;
			targetProxy = 4C5C00751C7583BF003D5DB3 /* PBXContainerItemProxy */;
		};
		4C5C00811C7583BF003D5DB3 /* PBXTargetDependency */ = {
			isa = PBXTargetDependency;
			target = 4C5C005A1C7583BF003D5DB3 /* ZAlertViewDemo */;
			targetProxy = 4C5C00801C7583BF003D5DB3 /* PBXContainerItemProxy */;
		};
/* End PBXTargetDependency section */

/* Begin PBXVariantGroup section */
		4C5C00671C7583BF003D5DB3 /* Main.storyboard */ = {
			isa = PBXVariantGroup;
			children = (
				4C5C00681C7583BF003D5DB3 /* Base */,
			);
			name = Main.storyboard;
			sourceTree = "<group>";
		};
		4C5C006C1C7583BF003D5DB3 /* LaunchScreen.storyboard */ = {
			isa = PBXVariantGroup;
			children = (
				4C5C006D1C7583BF003D5DB3 /* Base */,
			);
			name = LaunchScreen.storyboard;
			sourceTree = "<group>";
		};
/* End PBXVariantGroup section */

/* Begin XCBuildConfiguration section */
		4C5C00861C7583BF003D5DB3 /* Debug */ = {
			isa = XCBuildConfiguration;
			buildSettings = {
				ALWAYS_SEARCH_USER_PATHS = NO;
				CLANG_CXX_LANGUAGE_STANDARD = "gnu++0x";
				CLANG_CXX_LIBRARY = "libc++";
				CLANG_ENABLE_MODULES = YES;
				CLANG_ENABLE_OBJC_ARC = YES;
				CLANG_WARN_BOOL_CONVERSION = YES;
				CLANG_WARN_CONSTANT_CONVERSION = YES;
				CLANG_WARN_DIRECT_OBJC_ISA_USAGE = YES_ERROR;
				CLANG_WARN_EMPTY_BODY = YES;
				CLANG_WARN_ENUM_CONVERSION = YES;
				CLANG_WARN_INT_CONVERSION = YES;
				CLANG_WARN_OBJC_ROOT_CLASS = YES_ERROR;
				CLANG_WARN_UNREACHABLE_CODE = YES;
				CLANG_WARN__DUPLICATE_METHOD_MATCH = YES;
				"CODE_SIGN_IDENTITY[sdk=iphoneos*]" = "iPhone Developer";
				COPY_PHASE_STRIP = NO;
				DEBUG_INFORMATION_FORMAT = dwarf;
				ENABLE_STRICT_OBJC_MSGSEND = YES;
				ENABLE_TESTABILITY = YES;
				GCC_C_LANGUAGE_STANDARD = gnu99;
				GCC_DYNAMIC_NO_PIC = NO;
				GCC_NO_COMMON_BLOCKS = YES;
				GCC_OPTIMIZATION_LEVEL = 0;
				GCC_PREPROCESSOR_DEFINITIONS = (
					"DEBUG=1",
					"$(inherited)",
				);
				GCC_WARN_64_TO_32_BIT_CONVERSION = YES;
				GCC_WARN_ABOUT_RETURN_TYPE = YES_ERROR;
				GCC_WARN_UNDECLARED_SELECTOR = YES;
				GCC_WARN_UNINITIALIZED_AUTOS = YES_AGGRESSIVE;
				GCC_WARN_UNUSED_FUNCTION = YES;
				GCC_WARN_UNUSED_VARIABLE = YES;
				IPHONEOS_DEPLOYMENT_TARGET = 9.2;
				MTL_ENABLE_DEBUG_INFO = YES;
				ONLY_ACTIVE_ARCH = YES;
				SDKROOT = iphoneos;
			};
			name = Debug;
		};
		4C5C00871C7583BF003D5DB3 /* Release */ = {
			isa = XCBuildConfiguration;
			buildSettings = {
				ALWAYS_SEARCH_USER_PATHS = NO;
				CLANG_CXX_LANGUAGE_STANDARD = "gnu++0x";
				CLANG_CXX_LIBRARY = "libc++";
				CLANG_ENABLE_MODULES = YES;
				CLANG_ENABLE_OBJC_ARC = YES;
				CLANG_WARN_BOOL_CONVERSION = YES;
				CLANG_WARN_CONSTANT_CONVERSION = YES;
				CLANG_WARN_DIRECT_OBJC_ISA_USAGE = YES_ERROR;
				CLANG_WARN_EMPTY_BODY = YES;
				CLANG_WARN_ENUM_CONVERSION = YES;
				CLANG_WARN_INT_CONVERSION = YES;
				CLANG_WARN_OBJC_ROOT_CLASS = YES_ERROR;
				CLANG_WARN_UNREACHABLE_CODE = YES;
				CLANG_WARN__DUPLICATE_METHOD_MATCH = YES;
				"CODE_SIGN_IDENTITY[sdk=iphoneos*]" = "iPhone Developer";
				COPY_PHASE_STRIP = NO;
				DEBUG_INFORMATION_FORMAT = "dwarf-with-dsym";
				ENABLE_NS_ASSERTIONS = NO;
				ENABLE_STRICT_OBJC_MSGSEND = YES;
				GCC_C_LANGUAGE_STANDARD = gnu99;
				GCC_NO_COMMON_BLOCKS = YES;
				GCC_WARN_64_TO_32_BIT_CONVERSION = YES;
				GCC_WARN_ABOUT_RETURN_TYPE = YES_ERROR;
				GCC_WARN_UNDECLARED_SELECTOR = YES;
				GCC_WARN_UNINITIALIZED_AUTOS = YES_AGGRESSIVE;
				GCC_WARN_UNUSED_FUNCTION = YES;
				GCC_WARN_UNUSED_VARIABLE = YES;
				IPHONEOS_DEPLOYMENT_TARGET = 9.2;
				MTL_ENABLE_DEBUG_INFO = NO;
				SDKROOT = iphoneos;
				VALIDATE_PRODUCT = YES;
			};
			name = Release;
		};
		4C5C00891C7583BF003D5DB3 /* Debug */ = {
			isa = XCBuildConfiguration;
			buildSettings = {
				ASSETCATALOG_COMPILER_APPICON_NAME = AppIcon;
				INFOPLIST_FILE = ZAlertViewDemo/Info.plist;
				LD_RUNPATH_SEARCH_PATHS = "$(inherited) @executable_path/Frameworks";
				PRODUCT_BUNDLE_IDENTIFIER = com.zcill.ZAlertViewDemo;
				PRODUCT_NAME = "$(TARGET_NAME)";
			};
			name = Debug;
		};
		4C5C008A1C7583BF003D5DB3 /* Release */ = {
			isa = XCBuildConfiguration;
			buildSettings = {
				ASSETCATALOG_COMPILER_APPICON_NAME = AppIcon;
				INFOPLIST_FILE = ZAlertViewDemo/Info.plist;
				LD_RUNPATH_SEARCH_PATHS = "$(inherited) @executable_path/Frameworks";
				PRODUCT_BUNDLE_IDENTIFIER = com.zcill.ZAlertViewDemo;
				PRODUCT_NAME = "$(TARGET_NAME)";
			};
			name = Release;
		};
		4C5C008C1C7583BF003D5DB3 /* Debug */ = {
			isa = XCBuildConfiguration;
			buildSettings = {
				BUNDLE_LOADER = "$(TEST_HOST)";
				INFOPLIST_FILE = ZAlertViewDemoTests/Info.plist;
				LD_RUNPATH_SEARCH_PATHS = "$(inherited) @executable_path/Frameworks @loader_path/Frameworks";
				PRODUCT_BUNDLE_IDENTIFIER = com.zcill.ZAlertViewDemoTests;
				PRODUCT_NAME = "$(TARGET_NAME)";
				TEST_HOST = "$(BUILT_PRODUCTS_DIR)/ZAlertViewDemo.app/ZAlertViewDemo";
			};
			name = Debug;
		};
		4C5C008D1C7583BF003D5DB3 /* Release */ = {
			isa = XCBuildConfiguration;
			buildSettings = {
				BUNDLE_LOADER = "$(TEST_HOST)";
				INFOPLIST_FILE = ZAlertViewDemoTests/Info.plist;
				LD_RUNPATH_SEARCH_PATHS = "$(inherited) @executable_path/Frameworks @loader_path/Frameworks";
				PRODUCT_BUNDLE_IDENTIFIER = com.zcill.ZAlertViewDemoTests;
				PRODUCT_NAME = "$(TARGET_NAME)";
				TEST_HOST = "$(BUILT_PRODUCTS_DIR)/ZAlertViewDemo.app/ZAlertViewDemo";
			};
			name = Release;
		};
		4C5C008F1C7583BF003D5DB3 /* Debug */ = {
			isa = XCBuildConfiguration;
			buildSettings = {
				INFOPLIST_FILE = ZAlertViewDemoUITests/Info.plist;
				LD_RUNPATH_SEARCH_PATHS = "$(inherited) @executable_path/Frameworks @loader_path/Frameworks";
				PRODUCT_BUNDLE_IDENTIFIER = com.zcill.ZAlertViewDemoUITests;
				PRODUCT_NAME = "$(TARGET_NAME)";
				TEST_TARGET_NAME = ZAlertViewDemo;
				USES_XCTRUNNER = YES;
			};
			name = Debug;
		};
		4C5C00901C7583BF003D5DB3 /* Release */ = {
			isa = XCBuildConfiguration;
			buildSettings = {
				INFOPLIST_FILE = ZAlertViewDemoUITests/Info.plist;
				LD_RUNPATH_SEARCH_PATHS = "$(inherited) @executable_path/Frameworks @loader_path/Frameworks";
				PRODUCT_BUNDLE_IDENTIFIER = com.zcill.ZAlertViewDemoUITests;
				PRODUCT_NAME = "$(TARGET_NAME)";
				TEST_TARGET_NAME = ZAlertViewDemo;
				USES_XCTRUNNER = YES;
			};
			name = Release;
		};
/* End XCBuildConfiguration section */

/* Begin XCConfigurationList section */
		4C5C00561C7583BF003D5DB3 /* Build configuration list for PBXProject "ZAlertViewDemo" */ = {
			isa = XCConfigurationList;
			buildConfigurations = (
				4C5C00861C7583BF003D5DB3 /* Debug */,
				4C5C00871C7583BF003D5DB3 /* Release */,
			);
			defaultConfigurationIsVisible = 0;
			defaultConfigurationName = Release;
		};
		4C5C00881C7583BF003D5DB3 /* Build configuration list for PBXNativeTarget "ZAlertViewDemo" */ = {
			isa = XCConfigurationList;
			buildConfigurations = (
				4C5C00891C7583BF003D5DB3 /* Debug */,
				4C5C008A1C7583BF003D5DB3 /* Release */,
			);
			defaultConfigurationIsVisible = 0;
		};
		4C5C008B1C7583BF003D5DB3 /* Build configuration list for PBXNativeTarget "ZAlertViewDemoTests" */ = {
			isa = XCConfigurationList;
			buildConfigurations = (
				4C5C008C1C7583BF003D5DB3 /* Debug */,
				4C5C008D1C7583BF003D5DB3 /* Release */,
			);
			defaultConfigurationIsVisible = 0;
		};
		4C5C008E1C7583BF003D5DB3 /* Build configuration list for PBXNativeTarget "ZAlertViewDemoUITests" */ = {
			isa = XCConfigurationList;
			buildConfigurations = (
				4C5C008F1C7583BF003D5DB3 /* Debug */,
				4C5C00901C7583BF003D5DB3 /* Release */,
			);
			defaultConfigurationIsVisible = 0;
		};
/* End XCConfigurationList section */
	};
	rootObject = 4C5C00531C7583BF003D5DB3 /* Project object */;
}
